
Microsoft Visual Studio Solution File, Format Version 12.00
# Visual Studio Version 16
VisualStudioVersion = 16.0.31205.134
MinimumVisualStudioVersion = 10.0.40219.1
Project("{9A19103F-16F7-4668-BE54-9A1E7A4F7556}") = "LewisFam.Stocks", "src\LewisFam.Stocks\LewisFam.Stocks.csproj", "{0E5577A7-B1D5-4D25-87FE-A85D3B2A04A2}"
EndProject
Project("{9A19103F-16F7-4668-BE54-9A1E7A4F7556}") = "LewisFam.Stocks.Tests", "src\LewisFam.Stocks.Tests\LewisFam.Stocks.Tests.csproj", "{035A4F7B-FC8F-4647-91A0-8232416D375C}"
EndProject
Global
	GlobalSection(SolutionConfigurationPlatforms) = preSolution
		Debug|Any CPU = Debug|Any CPU
		Release|Any CPU = Release|Any CPU
	EndGlobalSection
	GlobalSection(ProjectConfigurationPlatforms) = postSolution
		{0E5577A7-B1D5-4D25-87FE-A85D3B2A04A2}.Debug|Any CPU.ActiveCfg = Debug|Any CPU
		{0E5577A7-B1D5-4D25-87FE-A85D3B2A04A2}.Debug|Any CPU.Build.0 = Debug|Any CPU
		{0E5577A7-B1D5-4D25-87FE-A85D3B2A04A2}.Release|Any CPU.ActiveCfg = Release|Any CPU
		{0E5577A7-B1D5-4D25-87FE-A85D3B2A04A2}.Release|Any CPU.Build.0 = Release|Any CPU
		{035A4F7B-FC8F-4647-91A0-8232416D375C}.Debug|Any CPU.ActiveCfg = Debug|Any CPU
		{035A4F7B-FC8F-4647-91A0-8232416D375C}.Debug|Any CPU.Build.0 = Debug|Any CPU
		{035A4F7B-FC8F-4647-91A0-8232416D375C}.Release|Any CPU.ActiveCfg = Release|Any CPU
		{035A4F7B-FC8F-4647-91A0-8232416D375C}.Release|Any CPU.Build.0 = Release|Any CPU
	EndGlobalSection
	GlobalSection(SolutionProperties) = preSolution
		HideSolutionNode = FALSE
	EndGlobalSection
	GlobalSection(ExtensibilityGlobals) = postSolution
		SolutionGuid = {620A4DA1-665E-4934-B5F5-51CDD92529FB}
	EndGlobalSection
EndGlobal
